
Microsoft Visual Studio Solution File, Format Version 12.00
# Visual Studio 2015
Project("{FAE04EC0-301F-11D3-BF4B-00C04F79EFBC}") = "DomoticaApp.CSharp.Plugins", "DomoticaApp.CSharp.Plugins.csproj", "{81CBB63D-D660-813B-955C-E68DEEEF4F4A}"
EndProject
Project("{FAE04EC0-301F-11D3-BF4B-00C04F79EFBC}") = "DomoticaApp.CSharp", "DomoticaApp.CSharp.csproj", "{39DA3706-C31A-0924-E2DC-9C7B8337518F}"
EndProject
Project("{FAE04EC0-301F-11D3-BF4B-00C04F79EFBC}") = "DomoticaApp.CSharp.Editor", "DomoticaApp.CSharp.Editor.csproj", "{DA1CCD12-91B6-422F-7EE6-1777888F7620}"
EndProject
Global
	GlobalSection(SolutionConfigurationPlatforms) = preSolution
		Debug|Any CPU = Debug|Any CPU
		Release|Any CPU = Release|Any CPU
	EndGlobalSection
	GlobalSection(ProjectConfigurationPlatforms) = postSolution
		{81CBB63D-D660-813B-955C-E68DEEEF4F4A}.Debug|Any CPU.ActiveCfg = Debug|Any CPU
		{81CBB63D-D660-813B-955C-E68DEEEF4F4A}.Debug|Any CPU.Build.0 = Debug|Any CPU
		{81CBB63D-D660-813B-955C-E68DEEEF4F4A}.Release|Any CPU.ActiveCfg = Release|Any CPU
		{81CBB63D-D660-813B-955C-E68DEEEF4F4A}.Release|Any CPU.Build.0 = Release|Any CPU
		{39DA3706-C31A-0924-E2DC-9C7B8337518F}.Debug|Any CPU.ActiveCfg = Debug|Any CPU
		{39DA3706-C31A-0924-E2DC-9C7B8337518F}.Debug|Any CPU.Build.0 = Debug|Any CPU
		{39DA3706-C31A-0924-E2DC-9C7B8337518F}.Release|Any CPU.ActiveCfg = Release|Any CPU
		{39DA3706-C31A-0924-E2DC-9C7B8337518F}.Release|Any CPU.Build.0 = Release|Any CPU
		{DA1CCD12-91B6-422F-7EE6-1777888F7620}.Debug|Any CPU.ActiveCfg = Debug|Any CPU
		{DA1CCD12-91B6-422F-7EE6-1777888F7620}.Debug|Any CPU.Build.0 = Debug|Any CPU
		{DA1CCD12-91B6-422F-7EE6-1777888F7620}.Release|Any CPU.ActiveCfg = Release|Any CPU
		{DA1CCD12-91B6-422F-7EE6-1777888F7620}.Release|Any CPU.Build.0 = Release|Any CPU
	EndGlobalSection
	GlobalSection(SolutionProperties) = preSolution
		HideSolutionNode = FALSE
	EndGlobalSection
EndGlobal
